{
  "name": "ts-version-lib",
  "version": "25.09.03-dev.3",
  "lockfileVersion": 3,
  "requires": true,
  "packages": {
    "": {
      "name": "ts-version-lib",
      "version": "25.09.03-dev.3",
      "license": "MIT",
      "bin": {
        "ts-version": "version-cli.js",
        "version-gen": "version-cli.js"
      },
      "engines": {
        "node": ">=12.0.0"
      }
    }
  }
}
